
Microsoft Visual Studio Solution File, Format Version 11.00
# Visual Studio 2010
Project("{E24C65DC-7377-472B-9ABA-BC803B73C61A}") = "ProyectoWeb", "proyecto\SistemaPromociones\ProyectoWeb\", "{B0135ECD-F012-4B85-8D9B-296BB120009D}"
	ProjectSection(WebsiteProperties) = preProject
		TargetFrameworkMoniker = ".NETFramework,Version%3Dv4.0"
		ProjectReferences = "{B1FDE696-B8B5-4760-9382-857C1AD2ED82}|UtilsLibrary.dll;{6E632076-D1B3-4726-8BA3-1AABF51788CB}|DataAccessLayer.dll;{C3175DDD-CDC2-4246-A48A-CE6DB9C8687D}|BusinessLogicLayer.dll;{816D3C93-249D-4714-B94B-6DEDC7758710}|BusinessEntities.dll;"
		Debug.AspNetCompiler.VirtualPath = "/ProyectoWeb"
		Debug.AspNetCompiler.PhysicalPath = "proyecto\SistemaPromociones\ProyectoWeb\"
		Debug.AspNetCompiler.TargetPath = "PrecompiledWeb\ProyectoWeb\"
		Debug.AspNetCompiler.Updateable = "true"
		Debug.AspNetCompiler.ForceOverwrite = "true"
		Debug.AspNetCompiler.FixedNames = "false"
		Debug.AspNetCompiler.Debug = "True"
		Release.AspNetCompiler.VirtualPath = "/ProyectoWeb"
		Release.AspNetCompiler.PhysicalPath = "proyecto\SistemaPromociones\ProyectoWeb\"
		Release.AspNetCompiler.TargetPath = "PrecompiledWeb\ProyectoWeb\"
		Release.AspNetCompiler.Updateable = "true"
		Release.AspNetCompiler.ForceOverwrite = "true"
		Release.AspNetCompiler.FixedNames = "false"
		Release.AspNetCompiler.Debug = "False"
		VWDPort = "54027"
	EndProjectSection
EndProject
Project("{F184B08F-C81C-45F6-A57F-5ABD9991F28F}") = "BusinessEntities", "proyecto\SistemaPromociones\BusinessEntities\BusinessEntities.vbproj", "{816D3C93-249D-4714-B94B-6DEDC7758710}"
EndProject
Project("{F184B08F-C81C-45F6-A57F-5ABD9991F28F}") = "BusinessLogicLayer", "proyecto\SistemaPromociones\BusinessLogicLayer\BusinessLogicLayer.vbproj", "{C3175DDD-CDC2-4246-A48A-CE6DB9C8687D}"
EndProject
Project("{F184B08F-C81C-45F6-A57F-5ABD9991F28F}") = "DataAccessLayer", "proyecto\SistemaPromociones\DataAccessLayer\DataAccessLayer.vbproj", "{6E632076-D1B3-4726-8BA3-1AABF51788CB}"
EndProject
Project("{F184B08F-C81C-45F6-A57F-5ABD9991F28F}") = "UtilsLibrary", "proyecto\SistemaPromociones\UtilsLibrary\UtilsLibrary.vbproj", "{B1FDE696-B8B5-4760-9382-857C1AD2ED82}"
EndProject
Global
	GlobalSection(SolutionConfigurationPlatforms) = preSolution
		Debug|Any CPU = Debug|Any CPU
		Release|Any CPU = Release|Any CPU
	EndGlobalSection
	GlobalSection(ProjectConfigurationPlatforms) = postSolution
		{B0135ECD-F012-4B85-8D9B-296BB120009D}.Debug|Any CPU.ActiveCfg = Debug|Any CPU
		{B0135ECD-F012-4B85-8D9B-296BB120009D}.Debug|Any CPU.Build.0 = Debug|Any CPU
		{B0135ECD-F012-4B85-8D9B-296BB120009D}.Release|Any CPU.ActiveCfg = Debug|Any CPU
		{B0135ECD-F012-4B85-8D9B-296BB120009D}.Release|Any CPU.Build.0 = Debug|Any CPU
		{816D3C93-249D-4714-B94B-6DEDC7758710}.Debug|Any CPU.ActiveCfg = Debug|Any CPU
		{816D3C93-249D-4714-B94B-6DEDC7758710}.Debug|Any CPU.Build.0 = Debug|Any CPU
		{816D3C93-249D-4714-B94B-6DEDC7758710}.Release|Any CPU.ActiveCfg = Release|Any CPU
		{816D3C93-249D-4714-B94B-6DEDC7758710}.Release|Any CPU.Build.0 = Release|Any CPU
		{C3175DDD-CDC2-4246-A48A-CE6DB9C8687D}.Debug|Any CPU.ActiveCfg = Debug|Any CPU
		{C3175DDD-CDC2-4246-A48A-CE6DB9C8687D}.Debug|Any CPU.Build.0 = Debug|Any CPU
		{C3175DDD-CDC2-4246-A48A-CE6DB9C8687D}.Release|Any CPU.ActiveCfg = Release|Any CPU
		{C3175DDD-CDC2-4246-A48A-CE6DB9C8687D}.Release|Any CPU.Build.0 = Release|Any CPU
		{6E632076-D1B3-4726-8BA3-1AABF51788CB}.Debug|Any CPU.ActiveCfg = Debug|Any CPU
		{6E632076-D1B3-4726-8BA3-1AABF51788CB}.Debug|Any CPU.Build.0 = Debug|Any CPU
		{6E632076-D1B3-4726-8BA3-1AABF51788CB}.Release|Any CPU.ActiveCfg = Release|Any CPU
		{6E632076-D1B3-4726-8BA3-1AABF51788CB}.Release|Any CPU.Build.0 = Release|Any CPU
		{B1FDE696-B8B5-4760-9382-857C1AD2ED82}.Debug|Any CPU.ActiveCfg = Debug|Any CPU
		{B1FDE696-B8B5-4760-9382-857C1AD2ED82}.Debug|Any CPU.Build.0 = Debug|Any CPU
		{B1FDE696-B8B5-4760-9382-857C1AD2ED82}.Release|Any CPU.ActiveCfg = Release|Any CPU
		{B1FDE696-B8B5-4760-9382-857C1AD2ED82}.Release|Any CPU.Build.0 = Release|Any CPU
	EndGlobalSection
	GlobalSection(SolutionProperties) = preSolution
		HideSolutionNode = FALSE
	EndGlobalSection
EndGlobal
